
Microsoft Visual Studio Solution File, Format Version 12.00
# Visual Studio 2013
VisualStudioVersion = 12.0.40629.0
MinimumVisualStudioVersion = 10.0.40219.1
Project("{8BC9CEB8-8B4A-11D0-8D11-00A0C91BC942}") = "spotian", "spotify_plugin.vcxproj", "{736E45C1-91A5-42C8-BC52-3BA73F7E53B5}"
EndProject
Global
	GlobalSection(SolutionConfigurationPlatforms) = preSolution
		Debug|Win32 = Debug|Win32
		Release|Win32 = Release|Win32
	EndGlobalSection
	GlobalSection(ProjectConfigurationPlatforms) = postSolution
		{736E45C1-91A5-42C8-BC52-3BA73F7E53B5}.Debug|Win32.ActiveCfg = Debug|Win32
		{736E45C1-91A5-42C8-BC52-3BA73F7E53B5}.Debug|Win32.Build.0 = Debug|Win32
		{736E45C1-91A5-42C8-BC52-3BA73F7E53B5}.Release|Win32.ActiveCfg = Release|Win32
		{736E45C1-91A5-42C8-BC52-3BA73F7E53B5}.Release|Win32.Build.0 = Release|Win32
	EndGlobalSection
	GlobalSection(SolutionProperties) = preSolution
		HideSolutionNode = FALSE
	EndGlobalSection
	GlobalSection(ExtensibilityGlobals) = postSolution
		BuildVersion_UpdateFileVersion = False
		BuildVersion_UpdateAssemblyVersion = False
		BuildVersion_BuildVersioningStyle = None.None.None.None
		BuildVersion_IncrementBeforeBuild = True
	EndGlobalSection
EndGlobal
